
Microsoft Visual Studio Solution File, Format Version 12.00
# Visual Studio Version 17
VisualStudioVersion = 17.5.33414.496
MinimumVisualStudioVersion = 10.0.40219.1
Project("{FAE04EC0-301F-11D3-BF4B-00C04F79EFBC}") = "AgendaSolution.Domain", "AgendaSolution.Domain\AgendaSolution.Domain.csproj", "{EC97171F-C432-4FBF-9D97-999C12183EBF}"
EndProject
Project("{FAE04EC0-301F-11D3-BF4B-00C04F79EFBC}") = "AgendaSolution.Win.Cadastros", "AgendaSolution.Win.Cadastros\AgendaSolution.Win.Cadastros.csproj", "{92F3E2F0-7894-4575-8474-CF76BA2DF346}"
EndProject
Project("{FAE04EC0-301F-11D3-BF4B-00C04F79EFBC}") = "AgendaSolution.Win.Main", "AgendaSolution.Win.Main\AgendaSolution.Win.Main.csproj", "{BE658721-9ABD-44E0-B522-8D4738F44036}"
EndProject
Global
	GlobalSection(SolutionConfigurationPlatforms) = preSolution
		Debug|Any CPU = Debug|Any CPU
		Release|Any CPU = Release|Any CPU
	EndGlobalSection
	GlobalSection(ProjectConfigurationPlatforms) = postSolution
		{EC97171F-C432-4FBF-9D97-999C12183EBF}.Debug|Any CPU.ActiveCfg = Debug|Any CPU
		{EC97171F-C432-4FBF-9D97-999C12183EBF}.Debug|Any CPU.Build.0 = Debug|Any CPU
		{EC97171F-C432-4FBF-9D97-999C12183EBF}.Release|Any CPU.ActiveCfg = Release|Any CPU
		{EC97171F-C432-4FBF-9D97-999C12183EBF}.Release|Any CPU.Build.0 = Release|Any CPU
		{92F3E2F0-7894-4575-8474-CF76BA2DF346}.Debug|Any CPU.ActiveCfg = Debug|Any CPU
		{92F3E2F0-7894-4575-8474-CF76BA2DF346}.Debug|Any CPU.Build.0 = Debug|Any CPU
		{92F3E2F0-7894-4575-8474-CF76BA2DF346}.Release|Any CPU.ActiveCfg = Release|Any CPU
		{92F3E2F0-7894-4575-8474-CF76BA2DF346}.Release|Any CPU.Build.0 = Release|Any CPU
		{BE658721-9ABD-44E0-B522-8D4738F44036}.Debug|Any CPU.ActiveCfg = Debug|Any CPU
		{BE658721-9ABD-44E0-B522-8D4738F44036}.Debug|Any CPU.Build.0 = Debug|Any CPU
		{BE658721-9ABD-44E0-B522-8D4738F44036}.Release|Any CPU.ActiveCfg = Release|Any CPU
		{BE658721-9ABD-44E0-B522-8D4738F44036}.Release|Any CPU.Build.0 = Release|Any CPU
	EndGlobalSection
	GlobalSection(SolutionProperties) = preSolution
		HideSolutionNode = FALSE
	EndGlobalSection
	GlobalSection(ExtensibilityGlobals) = postSolution
		SolutionGuid = {79FFA9DB-10D4-47F9-B796-DFB4714FFA4E}
	EndGlobalSection
EndGlobal
